
Microsoft Visual Studio Solution File, Format Version 12.00
# Visual Studio 15
VisualStudioVersion = 15.0.26228.102
MinimumVisualStudioVersion = 10.0.40219.1
Project("{FAE04EC0-301F-11D3-BF4B-00C04F79EFBC}") = "PromotinoEngineUI", "UserProfile\PromotinoEngineUI.csproj", "{EC9152B7-1BCA-45AA-AE6C-59C4E43497F9}"
EndProject
Project("{FAE04EC0-301F-11D3-BF4B-00C04F79EFBC}") = "PromotionEngineUnitTest", "PromotionEngineUnitTest\PromotionEngineUnitTest.csproj", "{03BBCDFA-A0B1-4F99-894D-AD6D9FBE92BA}"
EndProject
Global
	GlobalSection(SolutionConfigurationPlatforms) = preSolution
		Debug|Any CPU = Debug|Any CPU
		Release|Any CPU = Release|Any CPU
	EndGlobalSection
	GlobalSection(ProjectConfigurationPlatforms) = postSolution
		{EC9152B7-1BCA-45AA-AE6C-59C4E43497F9}.Debug|Any CPU.ActiveCfg = Debug|Any CPU
		{EC9152B7-1BCA-45AA-AE6C-59C4E43497F9}.Debug|Any CPU.Build.0 = Debug|Any CPU
		{EC9152B7-1BCA-45AA-AE6C-59C4E43497F9}.Release|Any CPU.ActiveCfg = Release|Any CPU
		{EC9152B7-1BCA-45AA-AE6C-59C4E43497F9}.Release|Any CPU.Build.0 = Release|Any CPU
		{03BBCDFA-A0B1-4F99-894D-AD6D9FBE92BA}.Debug|Any CPU.ActiveCfg = Debug|Any CPU
		{03BBCDFA-A0B1-4F99-894D-AD6D9FBE92BA}.Debug|Any CPU.Build.0 = Debug|Any CPU
		{03BBCDFA-A0B1-4F99-894D-AD6D9FBE92BA}.Release|Any CPU.ActiveCfg = Release|Any CPU
		{03BBCDFA-A0B1-4F99-894D-AD6D9FBE92BA}.Release|Any CPU.Build.0 = Release|Any CPU
	EndGlobalSection
	GlobalSection(SolutionProperties) = preSolution
		HideSolutionNode = FALSE
	EndGlobalSection
EndGlobal
